<Solution>
  <Folder Name="/src/">
    <Project Path="src/Hypertree.Core/Hypertree.Core.csproj" />
    <Project Path="src/Hypertree.Platform.Windows/Hypertree.Platform.Windows.csproj" />
    <Project Path="src/Hypertree.App/Hypertree.App.csproj" />
  </Folder>
  <Folder Name="/tests/">
    <Project Path="tests/Hypertree.Tests/Hypertree.Tests.csproj" />
  </Folder>
</Solution>
